
Microsoft Visual Studio Solution File, Format Version 12.00
# Visual Studio 2012
Project("{FAE04EC0-301F-11D3-BF4B-00C04F79EFBC}") = "FlappyKube", "FlappyKube\FlappyKube.csproj", "{13AD84CB-5427-4185-96A7-612CB286237E}"
EndProject
Global
	GlobalSection(SolutionConfigurationPlatforms) = preSolution
		Debug|ARM = Debug|ARM
		Debug|x86 = Debug|x86
		Master|ARM = Master|ARM
		Master|x86 = Master|x86
		Release|ARM = Release|ARM
		Release|x86 = Release|x86
	EndGlobalSection
	GlobalSection(ProjectConfigurationPlatforms) = postSolution
		{13AD84CB-5427-4185-96A7-612CB286237E}.Debug|ARM.ActiveCfg = Debug|ARM
		{13AD84CB-5427-4185-96A7-612CB286237E}.Debug|ARM.Build.0 = Debug|ARM
		{13AD84CB-5427-4185-96A7-612CB286237E}.Debug|ARM.Deploy.0 = Debug|ARM
		{13AD84CB-5427-4185-96A7-612CB286237E}.Debug|x86.ActiveCfg = Debug|x86
		{13AD84CB-5427-4185-96A7-612CB286237E}.Debug|x86.Build.0 = Debug|x86
		{13AD84CB-5427-4185-96A7-612CB286237E}.Debug|x86.Deploy.0 = Debug|x86
		{13AD84CB-5427-4185-96A7-612CB286237E}.Master|ARM.ActiveCfg = Master|ARM
		{13AD84CB-5427-4185-96A7-612CB286237E}.Master|ARM.Build.0 = Master|ARM
		{13AD84CB-5427-4185-96A7-612CB286237E}.Master|ARM.Deploy.0 = Master|ARM
		{13AD84CB-5427-4185-96A7-612CB286237E}.Master|x86.ActiveCfg = Master|x86
		{13AD84CB-5427-4185-96A7-612CB286237E}.Master|x86.Build.0 = Master|x86
		{13AD84CB-5427-4185-96A7-612CB286237E}.Master|x86.Deploy.0 = Master|x86
		{13AD84CB-5427-4185-96A7-612CB286237E}.Release|ARM.ActiveCfg = Release|ARM
		{13AD84CB-5427-4185-96A7-612CB286237E}.Release|ARM.Build.0 = Release|ARM
		{13AD84CB-5427-4185-96A7-612CB286237E}.Release|ARM.Deploy.0 = Release|ARM
		{13AD84CB-5427-4185-96A7-612CB286237E}.Release|x86.ActiveCfg = Release|x86
		{13AD84CB-5427-4185-96A7-612CB286237E}.Release|x86.Build.0 = Release|x86
		{13AD84CB-5427-4185-96A7-612CB286237E}.Release|x86.Deploy.0 = Release|x86
	EndGlobalSection
	GlobalSection(SolutionProperties) = preSolution
		HideSolutionNode = FALSE
	EndGlobalSection
EndGlobal
